
Microsoft Visual Studio Solution File, Format Version 12.00
# Visual Studio 15
VisualStudioVersion = 15.0.28010.2048
MinimumVisualStudioVersion = 10.0.40219.1
Project("{FAE04EC0-301F-11D3-BF4B-00C04F79EFBC}") = "Game2", "Game2\Game2.csproj", "{B547F209-AB3F-493D-8E24-BBB0E899E646}"
EndProject
Global
	GlobalSection(SolutionConfigurationPlatforms) = preSolution
		Debug|x86 = Debug|x86
		Release|x86 = Release|x86
	EndGlobalSection
	GlobalSection(ProjectConfigurationPlatforms) = postSolution
		{B547F209-AB3F-493D-8E24-BBB0E899E646}.Debug|x86.ActiveCfg = Debug|x86
		{B547F209-AB3F-493D-8E24-BBB0E899E646}.Debug|x86.Build.0 = Debug|x86
		{B547F209-AB3F-493D-8E24-BBB0E899E646}.Release|x86.ActiveCfg = Release|x86
		{B547F209-AB3F-493D-8E24-BBB0E899E646}.Release|x86.Build.0 = Release|x86
	EndGlobalSection
	GlobalSection(SolutionProperties) = preSolution
		HideSolutionNode = FALSE
	EndGlobalSection
	GlobalSection(ExtensibilityGlobals) = postSolution
		SolutionGuid = {FF7057A6-FE02-477A-88AD-990D15C4C750}
	EndGlobalSection
EndGlobal
